// !$*UTF8*$!
{
	archiveVersion = 1;
	classes = {
	};
	objectVersion = 56;
	objects = {

/* Begin PBXBuildFile section */
		A001 /* MacMonitorApp.swift in Sources */ = {isa = PBXBuildFile; fileRef = F001 /* MacMonitorApp.swift */; };
		A002 /* ContentView.swift in Sources */ = {isa = PBXBuildFile; fileRef = F002 /* ContentView.swift */; };
		A003 /* SystemMonitor.swift in Sources */ = {isa = PBXBuildFile; fileRef = F003 /* SystemMonitor.swift */; };
		A004 /* Components.swift in Sources */ = {isa = PBXBuildFile; fileRef = F004 /* Components.swift */; };
		A005 /* OverviewView.swift in Sources */ = {isa = PBXBuildFile; fileRef = F005 /* OverviewView.swift */; };
		A006 /* Views.swift in Sources */ = {isa = PBXBuildFile; fileRef = F006 /* Views.swift */; };
		A007 /* CleanerView.swift in Sources */ = {isa = PBXBuildFile; fileRef = F007 /* CleanerView.swift */; };
		A008 /* ThermalView.swift in Sources */ = {isa = PBXBuildFile; fileRef = F009 /* ThermalView.swift */; };
		A009 /* Metrics.swift in Sources */ = {isa = PBXBuildFile; fileRef = F010 /* Metrics.swift */; };
		A010 /* LegacyShellParsers.swift in Sources */ = {isa = PBXBuildFile; fileRef = F011 /* LegacyShellParsers.swift */; };
		A011 /* CacheCleaner.swift in Sources */ = {isa = PBXBuildFile; fileRef = F012 /* CacheCleaner.swift */; };
		TA01 /* MetricsTests.swift in Sources */ = {isa = PBXBuildFile; fileRef = TF01 /* MetricsTests.swift */; };
		TA02 /* LegacyShellParsersTests.swift in Sources */ = {isa = PBXBuildFile; fileRef = TF02 /* LegacyShellParsersTests.swift */; };
		TA03 /* CachePathValidatorTests.swift in Sources */ = {isa = PBXBuildFile; fileRef = TF03 /* CachePathValidatorTests.swift */; };
/* End PBXBuildFile section */

/* Begin PBXContainerItemProxy section */
		TPROX /* PBXContainerItemProxy */ = {
			isa = PBXContainerItemProxy;
			containerPortal = PROJ /* Project object */;
			proxyType = 1;
			remoteGlobalIDString = TGT1;
			remoteInfo = MacMonitor;
		};
/* End PBXContainerItemProxy section */

/* Begin PBXFileReference section */
		F001 /* MacMonitorApp.swift */ = {isa = PBXFileReference; lastKnownFileType = sourcecode.swift; path = MacMonitorApp.swift; sourceTree = "<group>"; };
		F002 /* ContentView.swift */ = {isa = PBXFileReference; lastKnownFileType = sourcecode.swift; path = ContentView.swift; sourceTree = "<group>"; };
		F003 /* SystemMonitor.swift */ = {isa = PBXFileReference; lastKnownFileType = sourcecode.swift; path = SystemMonitor.swift; sourceTree = "<group>"; };
		F004 /* Components.swift */ = {isa = PBXFileReference; lastKnownFileType = sourcecode.swift; path = Components.swift; sourceTree = "<group>"; };
		F005 /* OverviewView.swift */ = {isa = PBXFileReference; lastKnownFileType = sourcecode.swift; path = OverviewView.swift; sourceTree = "<group>"; };
		F006 /* Views.swift */ = {isa = PBXFileReference; lastKnownFileType = sourcecode.swift; path = Views.swift; sourceTree = "<group>"; };
		F007 /* CleanerView.swift */ = {isa = PBXFileReference; lastKnownFileType = sourcecode.swift; path = CleanerView.swift; sourceTree = "<group>"; };
		F008 /* Info.plist */ = {isa = PBXFileReference; lastKnownFileType = text.plist.xml; path = Info.plist; sourceTree = "<group>"; };
		F009 /* ThermalView.swift */ = {isa = PBXFileReference; lastKnownFileType = sourcecode.swift; path = ThermalView.swift; sourceTree = "<group>"; };
		F010 /* Metrics.swift */ = {isa = PBXFileReference; lastKnownFileType = sourcecode.swift; path = Metrics.swift; sourceTree = "<group>"; };
		F011 /* LegacyShellParsers.swift */ = {isa = PBXFileReference; lastKnownFileType = sourcecode.swift; path = LegacyShellParsers.swift; sourceTree = "<group>"; };
		F012 /* CacheCleaner.swift */ = {isa = PBXFileReference; lastKnownFileType = sourcecode.swift; path = CacheCleaner.swift; sourceTree = "<group>"; };
		PROD /* MacMonitor.app */ = {isa = PBXFileReference; explicitFileType = wrapper.application; includeInIndex = 0; path = MacMonitor.app; sourceTree = BUILT_PRODUCTS_DIR; };
		TF01 /* MetricsTests.swift */ = {isa = PBXFileReference; lastKnownFileType = sourcecode.swift; path = MetricsTests.swift; sourceTree = "<group>"; };
		TF02 /* LegacyShellParsersTests.swift */ = {isa = PBXFileReference; lastKnownFileType = sourcecode.swift; path = LegacyShellParsersTests.swift; sourceTree = "<group>"; };
		TF03 /* CachePathValidatorTests.swift */ = {isa = PBXFileReference; lastKnownFileType = sourcecode.swift; path = CachePathValidatorTests.swift; sourceTree = "<group>"; };
		TPRD /* MacMonitorTests.xctest */ = {isa = PBXFileReference; explicitFileType = wrapper.cfbundle; includeInIndex = 0; path = MacMonitorTests.xctest; sourceTree = BUILT_PRODUCTS_DIR; };
/* End PBXFileReference section */

/* Begin PBXFrameworksBuildPhase section */
		BLD1 /* Frameworks */ = {
			isa = PBXFrameworksBuildPhase;
			buildActionMask = 2147483647;
			files = (
			);
			runOnlyForDeploymentPostprocessing = 0;
		};
		BLD2 /* Frameworks */ = {
			isa = PBXFrameworksBuildPhase;
			buildActionMask = 2147483647;
			files = (
			);
			runOnlyForDeploymentPostprocessing = 0;
		};
/* End PBXFrameworksBuildPhase section */

/* Begin PBXGroup section */
		GRP0 = {
			isa = PBXGroup;
			children = (
				GRP1 /* MacMonitor */,
				GRP3 /* MacMonitorTests */,
				GRP2 /* Products */,
			);
			sourceTree = "<group>";
		};
		GRP1 /* MacMonitor */ = {
			isa = PBXGroup;
			children = (
				F001 /* MacMonitorApp.swift */,
				F002 /* ContentView.swift */,
				F003 /* SystemMonitor.swift */,
				F004 /* Components.swift */,
				F005 /* OverviewView.swift */,
				F006 /* Views.swift */,
				F007 /* CleanerView.swift */,
				F008 /* Info.plist */,
				F009 /* ThermalView.swift */,
				F010 /* Metrics.swift */,
				F011 /* LegacyShellParsers.swift */,
				F012 /* CacheCleaner.swift */,
			);
			path = MacMonitor;
			sourceTree = "<group>";
		};
		GRP3 /* MacMonitorTests */ = {
			isa = PBXGroup;
			children = (
				TF01 /* MetricsTests.swift */,
				TF02 /* LegacyShellParsersTests.swift */,
				TF03 /* CachePathValidatorTests.swift */,
			);
			path = MacMonitorTests;
			sourceTree = "<group>";
		};
		GRP2 /* Products */ = {
			isa = PBXGroup;
			children = (
				PROD /* MacMonitor.app */,
				TPRD /* MacMonitorTests.xctest */,
			);
			name = Products;
			sourceTree = "<group>";
		};
/* End PBXGroup section */

/* Begin PBXNativeTarget section */
		TGT1 /* MacMonitor */ = {
			isa = PBXNativeTarget;
			buildConfigurationList = CFG0 /* Build configuration list for PBXNativeTarget "MacMonitor" */;
			buildPhases = (
				SRC1 /* Sources */,
				BLD1 /* Frameworks */,
				RES1 /* Resources */,
			);
			buildRules = (
			);
			dependencies = (
			);
			name = MacMonitor;
			productName = MacMonitor;
			productReference = PROD /* MacMonitor.app */;
			productType = "com.apple.product-type.application";
		};
		TGT2 /* MacMonitorTests */ = {
			isa = PBXNativeTarget;
			buildConfigurationList = CFG2 /* Build configuration list for PBXNativeTarget "MacMonitorTests" */;
			buildPhases = (
				SRC2 /* Sources */,
				BLD2 /* Frameworks */,
				RES2 /* Resources */,
			);
			buildRules = (
			);
			dependencies = (
				TDEP /* PBXTargetDependency */,
			);
			name = MacMonitorTests;
			productName = MacMonitorTests;
			productReference = TPRD /* MacMonitorTests.xctest */;
			productType = "com.apple.product-type.bundle.unit-test";
		};
/* End PBXNativeTarget section */

/* Begin PBXTargetDependency section */
		TDEP /* PBXTargetDependency */ = {
			isa = PBXTargetDependency;
			target = TGT1 /* MacMonitor */;
			targetProxy = TPROX /* PBXContainerItemProxy */;
		};
/* End PBXTargetDependency section */

/* Begin PBXProject section */
		PROJ /* Project object */ = {
			isa = PBXProject;
			attributes = {
				BuildIndependentTargetsInParallel = 1;
				LastSwiftUpdateCheck = 1500;
				LastUpgradeCheck = 1500;
				TargetAttributes = {
					TGT1 = {
						CreatedOnToolsVersion = 15.0;
					};
					TGT2 = {
						CreatedOnToolsVersion = 15.0;
						TestTargetID = TGT1;
					};
				};
			};
			buildConfigurationList = CFG1 /* Build configuration list for PBXProject "MacMonitor" */;
			compatibilityVersion = "Xcode 14.0";
			developmentRegion = en;
			hasScannedForEncodings = 0;
			knownRegions = (
				en,
				Base,
			);
			mainGroup = GRP0;
			productRefGroup = GRP2 /* Products */;
			projectDirPath = "";
			projectRoot = "";
			targets = (
				TGT1 /* MacMonitor */,
				TGT2 /* MacMonitorTests */,
			);
		};
/* End PBXProject section */

/* Begin PBXResourcesBuildPhase section */
		RES1 /* Resources */ = {
			isa = PBXResourcesBuildPhase;
			buildActionMask = 2147483647;
			files = (
			);
			runOnlyForDeploymentPostprocessing = 0;
		};
		RES2 /* Resources */ = {
			isa = PBXResourcesBuildPhase;
			buildActionMask = 2147483647;
			files = (
			);
			runOnlyForDeploymentPostprocessing = 0;
		};
/* End PBXResourcesBuildPhase section */

/* Begin PBXSourcesBuildPhase section */
		SRC1 /* Sources */ = {
			isa = PBXSourcesBuildPhase;
			buildActionMask = 2147483647;
			files = (
				A001 /* MacMonitorApp.swift in Sources */,
				A002 /* ContentView.swift in Sources */,
				A003 /* SystemMonitor.swift in Sources */,
				A004 /* Components.swift in Sources */,
				A005 /* OverviewView.swift in Sources */,
				A006 /* Views.swift in Sources */,
				A007 /* CleanerView.swift in Sources */,
				A008 /* ThermalView.swift in Sources */,
				A009 /* Metrics.swift in Sources */,
				A010 /* LegacyShellParsers.swift in Sources */,
				A011 /* CacheCleaner.swift in Sources */,
			);
			runOnlyForDeploymentPostprocessing = 0;
		};
		SRC2 /* Sources */ = {
			isa = PBXSourcesBuildPhase;
			buildActionMask = 2147483647;
			files = (
				TA01 /* MetricsTests.swift in Sources */,
				TA02 /* LegacyShellParsersTests.swift in Sources */,
				TA03 /* CachePathValidatorTests.swift in Sources */,
			);
			runOnlyForDeploymentPostprocessing = 0;
		};
/* End PBXSourcesBuildPhase section */

/* Begin XCBuildConfiguration section */
		BC01 /* Debug */ = {
			isa = XCBuildConfiguration;
			buildSettings = {
				ALWAYS_SEARCH_USER_PATHS = NO;
				ASSETCATALOG_COMPILER_GENERATE_SWIFT_ASSET_SYMBOL_EXTENSIONS = YES;
				CLANG_ANALYZER_NONNULL = YES;
				CLANG_ANALYZER_NUMBER_OBJECT_CONVERSION = YES_AGGRESSIVE;
				CLANG_CXX_LANGUAGE_STANDARD = "gnu++20";
				CLANG_ENABLE_MODULES = YES;
				CLANG_ENABLE_OBJC_ARC = YES;
				CLANG_ENABLE_OBJC_WEAK = YES;
				CLANG_WARN_BLOCK_CAPTURE_AUTORELEASING = YES;
				CLANG_WARN_BOOL_CONVERSION = YES;
				CLANG_WARN_COMMA = YES;
				CLANG_WARN_CONSTANT_CONVERSION = YES;
				CLANG_WARN_DEPRECATED_OBJC_IMPLEMENTATIONS = YES;
				CLANG_WARN_DIRECT_OBJC_IVAR_ACCESS = YES;
				CLANG_WARN_EMPTY_BODY = YES;
				CLANG_WARN_ENUM_CONVERSION = YES;
				CLANG_WARN_INFINITE_LOOP = YES;
				CLANG_WARN_INT_CONVERSION = YES;
				CLANG_WARN_NON_LITERAL_NULL_CONVERSION = YES;
				CLANG_WARN_OBJC_IMPLICIT_RETAIN_CYCLES = YES;
				CLANG_WARN_OBJC_LITERAL_CONVERSION = YES;
				CLANG_WARN_OBJC_ROOT_CLASS = YES_ERROR;
				CLANG_WARN_QUOTED_INCLUDE_IN_FRAMEWORK_HEADER = YES;
				CLANG_WARN_RANGE_LOOP_ANALYSIS = YES;
				CLANG_WARN_STRICT_PROTOTYPES = YES;
				CLANG_WARN_SUSPICIOUS_MOVE = YES;
				CLANG_WARN_UNGUARDED_AVAILABILITY = YES_AGGRESSIVE;
				CLANG_WARN_UNREACHABLE_CODE = YES;
				CLANG_WARN__DUPLICATE_METHOD_MATCH = YES;
				COPY_PHASE_STRIP = NO;
				DEBUG_INFORMATION_FORMAT = dwarf;
				ENABLE_STRICT_OBJC_MSGSEND = YES;
				ENABLE_TESTABILITY = YES;
				ENABLE_USER_SCRIPT_SANDBOXING = YES;
				GCC_C_LANGUAGE_STANDARD = gnu17;
				GCC_DYNAMIC_NO_PIC = NO;
				GCC_NO_COMMON_BLOCKS = YES;
				GCC_OPTIMIZATION_LEVEL = 0;
				GCC_PREPROCESSOR_DEFINITIONS = (
					"DEBUG=1",
					"$(inherited)",
				);
				GCC_WARN_64_TO_32_BIT_CONVERSION = YES;
				GCC_WARN_ABOUT_RETURN_TYPE = YES_ERROR;
				GCC_WARN_UNDECLARED_SELECTOR = YES;
				GCC_WARN_UNINITIALIZED_AUTOS = YES_AGGRESSIVE;
				GCC_WARN_UNUSED_FUNCTION = YES;
				GCC_WARN_UNUSED_VARIABLE = YES;
				LOCALIZATION_PREFERS_STRING_CATALOGS = YES;
				MACOSX_DEPLOYMENT_TARGET = 13.0;
				MTL_ENABLE_DEBUG_INFO = INCLUDE_SOURCE;
				MTL_FAST_MATH = YES;
				ONLY_ACTIVE_ARCH = YES;
				SDKROOT = macosx;
				SWIFT_ACTIVE_COMPILATION_CONDITIONS = "DEBUG $(inherited)";
				SWIFT_OPTIMIZATION_LEVEL = "-Onone";
			};
			name = Debug;
		};
		BC02 /* Release */ = {
			isa = XCBuildConfiguration;
			buildSettings = {
				ALWAYS_SEARCH_USER_PATHS = NO;
				ASSETCATALOG_COMPILER_GENERATE_SWIFT_ASSET_SYMBOL_EXTENSIONS = YES;
				CLANG_ANALYZER_NONNULL = YES;
				CLANG_ANALYZER_NUMBER_OBJECT_CONVERSION = YES_AGGRESSIVE;
				CLANG_CXX_LANGUAGE_STANDARD = "gnu++20";
				CLANG_ENABLE_MODULES = YES;
				CLANG_ENABLE_OBJC_ARC = YES;
				CLANG_ENABLE_OBJC_WEAK = YES;
				CLANG_WARN_BLOCK_CAPTURE_AUTORELEASING = YES;
				CLANG_WARN_BOOL_CONVERSION = YES;
				CLANG_WARN_COMMA = YES;
				CLANG_WARN_CONSTANT_CONVERSION = YES;
				CLANG_WARN_DEPRECATED_OBJC_IMPLEMENTATIONS = YES;
				CLANG_WARN_DIRECT_OBJC_IVAR_ACCESS = YES;
				CLANG_WARN_EMPTY_BODY = YES;
				CLANG_WARN_ENUM_CONVERSION = YES;
				CLANG_WARN_INFINITE_LOOP = YES;
				CLANG_WARN_INT_CONVERSION = YES;
				CLANG_WARN_NON_LITERAL_NULL_CONVERSION = YES;
				CLANG_WARN_OBJC_IMPLICIT_RETAIN_CYCLES = YES;
				CLANG_WARN_OBJC_LITERAL_CONVERSION = YES;
				CLANG_WARN_OBJC_ROOT_CLASS = YES_ERROR;
				CLANG_WARN_QUOTED_INCLUDE_IN_FRAMEWORK_HEADER = YES;
				CLANG_WARN_RANGE_LOOP_ANALYSIS = YES;
				CLANG_WARN_STRICT_PROTOTYPES = YES;
				CLANG_WARN_SUSPICIOUS_MOVE = YES;
				CLANG_WARN_UNGUARDED_AVAILABILITY = YES_AGGRESSIVE;
				CLANG_WARN_UNREACHABLE_CODE = YES;
				CLANG_WARN__DUPLICATE_METHOD_MATCH = YES;
				COPY_PHASE_STRIP = NO;
				DEBUG_INFORMATION_FORMAT = "dwarf-with-dsym";
				ENABLE_NS_ASSERTIONS = NO;
				ENABLE_STRICT_OBJC_MSGSEND = YES;
				ENABLE_USER_SCRIPT_SANDBOXING = YES;
				GCC_C_LANGUAGE_STANDARD = gnu17;
				GCC_NO_COMMON_BLOCKS = YES;
				GCC_WARN_64_TO_32_BIT_CONVERSION = YES;
				GCC_WARN_ABOUT_RETURN_TYPE = YES_ERROR;
				GCC_WARN_UNDECLARED_SELECTOR = YES;
				GCC_WARN_UNINITIALIZED_AUTOS = YES_AGGRESSIVE;
				GCC_WARN_UNUSED_FUNCTION = YES;
				GCC_WARN_UNUSED_VARIABLE = YES;
				LOCALIZATION_PREFERS_STRING_CATALOGS = YES;
				MACOSX_DEPLOYMENT_TARGET = 13.0;
				MTL_FAST_MATH = YES;
				SDKROOT = macosx;
				SWIFT_COMPILATION_MODE = wholemodule;
			};
			name = Release;
		};
		BC03 /* Debug */ = {
			isa = XCBuildConfiguration;
			buildSettings = {
				CODE_SIGN_IDENTITY = "-";
				CODE_SIGN_STYLE = Manual;
				COMBINE_HIDPI_IMAGES = YES;
				CURRENT_PROJECT_VERSION = 1;
				GENERATE_INFOPLIST_FILE = NO;
				INFOPLIST_FILE = MacMonitor/Info.plist;
				LD_RUNPATH_SEARCH_PATHS = (
					"$(inherited)",
					"@executable_path/../Frameworks",
				);
				MACOSX_DEPLOYMENT_TARGET = 13.0;
				MARKETING_VERSION = 1.0;
				PRODUCT_BUNDLE_IDENTIFIER = io.github.youdcode.macmonitor;
				PRODUCT_NAME = MacMonitor;
				SWIFT_EMIT_LOC_STRINGS = YES;
				SWIFT_VERSION = 5.0;
			};
			name = Debug;
		};
		BC04 /* Release */ = {
			isa = XCBuildConfiguration;
			buildSettings = {
				CODE_SIGN_IDENTITY = "-";
				CODE_SIGN_INJECT_BASE_ENTITLEMENTS = NO;
				CODE_SIGN_STYLE = Manual;
				COMBINE_HIDPI_IMAGES = YES;
				CURRENT_PROJECT_VERSION = 1;
				GENERATE_INFOPLIST_FILE = NO;
				INFOPLIST_FILE = MacMonitor/Info.plist;
				LD_RUNPATH_SEARCH_PATHS = (
					"$(inherited)",
					"@executable_path/../Frameworks",
				);
				MACOSX_DEPLOYMENT_TARGET = 13.0;
				MARKETING_VERSION = 1.0;
				PRODUCT_BUNDLE_IDENTIFIER = io.github.youdcode.macmonitor;
				PRODUCT_NAME = MacMonitor;
				SWIFT_EMIT_LOC_STRINGS = YES;
				SWIFT_VERSION = 5.0;
			};
			name = Release;
		};
		BC05 /* Debug */ = {
			isa = XCBuildConfiguration;
			buildSettings = {
				BUNDLE_LOADER = "$(TEST_HOST)";
				CODE_SIGN_IDENTITY = "-";
				CODE_SIGN_STYLE = Manual;
				GENERATE_INFOPLIST_FILE = YES;
				MACOSX_DEPLOYMENT_TARGET = 13.0;
				PRODUCT_BUNDLE_IDENTIFIER = io.github.youdcode.macmonitor.tests;
				PRODUCT_NAME = "$(TARGET_NAME)";
				SWIFT_EMIT_LOC_STRINGS = NO;
				SWIFT_VERSION = 5.0;
				TEST_HOST = "$(BUILT_PRODUCTS_DIR)/MacMonitor.app/Contents/MacOS/MacMonitor";
			};
			name = Debug;
		};
		BC06 /* Release */ = {
			isa = XCBuildConfiguration;
			buildSettings = {
				BUNDLE_LOADER = "$(TEST_HOST)";
				CODE_SIGN_IDENTITY = "-";
				CODE_SIGN_STYLE = Manual;
				GENERATE_INFOPLIST_FILE = YES;
				MACOSX_DEPLOYMENT_TARGET = 13.0;
				PRODUCT_BUNDLE_IDENTIFIER = io.github.youdcode.macmonitor.tests;
				PRODUCT_NAME = "$(TARGET_NAME)";
				SWIFT_EMIT_LOC_STRINGS = NO;
				SWIFT_VERSION = 5.0;
				TEST_HOST = "$(BUILT_PRODUCTS_DIR)/MacMonitor.app/Contents/MacOS/MacMonitor";
			};
			name = Release;
		};
/* End XCBuildConfiguration section */

/* Begin XCConfigurationList section */
		CFG0 /* Build configuration list for PBXNativeTarget "MacMonitor" */ = {
			isa = XCConfigurationList;
			buildConfigurations = (
				BC03 /* Debug */,
				BC04 /* Release */,
			);
			defaultConfigurationIsVisible = 0;
			defaultConfigurationName = Release;
		};
		CFG1 /* Build configuration list for PBXProject "MacMonitor" */ = {
			isa = XCConfigurationList;
			buildConfigurations = (
				BC01 /* Debug */,
				BC02 /* Release */,
			);
			defaultConfigurationIsVisible = 0;
			defaultConfigurationName = Release;
		};
		CFG2 /* Build configuration list for PBXNativeTarget "MacMonitorTests" */ = {
			isa = XCConfigurationList;
			buildConfigurations = (
				BC05 /* Debug */,
				BC06 /* Release */,
			);
			defaultConfigurationIsVisible = 0;
			defaultConfigurationName = Debug;
		};
/* End XCConfigurationList section */
	};
	rootObject = PROJ /* Project object */;
}
